
Microsoft Visual Studio Solution File, Format Version 12.00
# Visual Studio Version 16
VisualStudioVersion = 16.0.30621.155
MinimumVisualStudioVersion = 10.0.40219.1
Project("{FAE04EC0-301F-11D3-BF4B-00C04F79EFBC}") = "WpfMvvm.WpfCommands", "WpfMvvm.WpfCommands.csproj", "{B14BC203-EAF5-4234-9522-9E8751EEF76D}"
EndProject
Global
	GlobalSection(SolutionConfigurationPlatforms) = preSolution
		Debug|Any CPU = Debug|Any CPU
		NuGet|Any CPU = NuGet|Any CPU
		Release|Any CPU = Release|Any CPU
	EndGlobalSection
	GlobalSection(ProjectConfigurationPlatforms) = postSolution
		{B14BC203-EAF5-4234-9522-9E8751EEF76D}.Debug|Any CPU.ActiveCfg = Debug|Any CPU
		{B14BC203-EAF5-4234-9522-9E8751EEF76D}.Debug|Any CPU.Build.0 = Debug|Any CPU
		{B14BC203-EAF5-4234-9522-9E8751EEF76D}.NuGet|Any CPU.ActiveCfg = NuGet|Any CPU
		{B14BC203-EAF5-4234-9522-9E8751EEF76D}.NuGet|Any CPU.Build.0 = NuGet|Any CPU
		{B14BC203-EAF5-4234-9522-9E8751EEF76D}.Release|Any CPU.ActiveCfg = Release|Any CPU
		{B14BC203-EAF5-4234-9522-9E8751EEF76D}.Release|Any CPU.Build.0 = Release|Any CPU
	EndGlobalSection
	GlobalSection(SolutionProperties) = preSolution
		HideSolutionNode = FALSE
	EndGlobalSection
	GlobalSection(ExtensibilityGlobals) = postSolution
		SolutionGuid = {137FF0FB-5E32-43A3-BB82-A555D0C1452B}
	EndGlobalSection
EndGlobal
